// !$*UTF8*$!
{
	archiveVersion = 1;
	classes = {
	};
	objectVersion = 50;
	objects = {

/* Begin PBXBuildFile section */
		4B08750322B15C8D005DA8A0 /* AppDelegate.swift in Sources */ = {isa = PBXBuildFile; fileRef = 4B08750222B15C8D005DA8A0 /* AppDelegate.swift */; };
		4B08750522B15C8D005DA8A0 /* FirstViewController.swift in Sources */ = {isa = PBXBuildFile; fileRef = 4B08750422B15C8D005DA8A0 /* FirstViewController.swift */; };
		4B08750722B15C8D005DA8A0 /* SecondViewController.swift in Sources */ = {isa = PBXBuildFile; fileRef = 4B08750622B15C8D005DA8A0 /* SecondViewController.swift */; };
		4B08750A22B15C8D005DA8A0 /* Main.storyboard in Resources */ = {isa = PBXBuildFile; fileRef = 4B08750822B15C8D005DA8A0 /* Main.storyboard */; };
		4B08750C22B15C90005DA8A0 /* Assets.xcassets in Resources */ = {isa = PBXBuildFile; fileRef = 4B08750B22B15C90005DA8A0 /* Assets.xcassets */; };
		4B08750F22B15C90005DA8A0 /* LaunchScreen.storyboard in Resources */ = {isa = PBXBuildFile; fileRef = 4B08750D22B15C90005DA8A0 /* LaunchScreen.storyboard */; };
		4B08751A22B15C90005DA8A0 /* NewsAppTests.swift in Sources */ = {isa = PBXBuildFile; fileRef = 4B08751922B15C90005DA8A0 /* NewsAppTests.swift */; };
		4B08752522B15C90005DA8A0 /* NewsAppUITests.swift in Sources */ = {isa = PBXBuildFile; fileRef = 4B08752422B15C90005DA8A0 /* NewsAppUITests.swift */; };
/* End PBXBuildFile section */

/* Begin PBXContainerItemProxy section */
		4B08751622B15C90005DA8A0 /* PBXContainerItemProxy */ = {
			isa = PBXContainerItemProxy;
			containerPortal = 4B0874F722B15C8D005DA8A0 /* Project object */;
			proxyType = 1;
			remoteGlobalIDString = 4B0874FE22B15C8D005DA8A0;
			remoteInfo = NewsApp;
		};
		4B08752122B15C90005DA8A0 /* PBXContainerItemProxy */ = {
			isa = PBXContainerItemProxy;
			containerPortal = 4B0874F722B15C8D005DA8A0 /* Project object */;
			proxyType = 1;
			remoteGlobalIDString = 4B0874FE22B15C8D005DA8A0;
			remoteInfo = NewsApp;
		};
/* End PBXContainerItemProxy section */

/* Begin PBXFileReference section */
		4B0874FF22B15C8D005DA8A0 /* NewsApp.app */ = {isa = PBXFileReference; explicitFileType = wrapper.application; includeInIndex = 0; path = NewsApp.app; sourceTree = BUILT_PRODUCTS_DIR; };
		4B08750222B15C8D005DA8A0 /* AppDelegate.swift */ = {isa = PBXFileReference; lastKnownFileType = sourcecode.swift; path = AppDelegate.swift; sourceTree = "<group>"; };
		4B08750422B15C8D005DA8A0 /* FirstViewController.swift */ = {isa = PBXFileReference; lastKnownFileType = sourcecode.swift; path = FirstViewController.swift; sourceTree = "<group>"; };
		4B08750622B15C8D005DA8A0 /* SecondViewController.swift */ = {isa = PBXFileReference; lastKnownFileType = sourcecode.swift; path = SecondViewController.swift; sourceTree = "<group>"; };
		4B08750922B15C8D005DA8A0 /* Base */ = {isa = PBXFileReference; lastKnownFileType = file.storyboard; name = Base; path = Base.lproj/Main.storyboard; sourceTree = "<group>"; };
		4B08750B22B15C90005DA8A0 /* Assets.xcassets */ = {isa = PBXFileReference; lastKnownFileType = folder.assetcatalog; path = Assets.xcassets; sourceTree = "<group>"; };
		4B08750E22B15C90005DA8A0 /* Base */ = {isa = PBXFileReference; lastKnownFileType = file.storyboard; name = Base; path = Base.lproj/LaunchScreen.storyboard; sourceTree = "<group>"; };
		4B08751022B15C90005DA8A0 /* Info.plist */ = {isa = PBXFileReference; lastKnownFileType = text.plist.xml; path = Info.plist; sourceTree = "<group>"; };
		4B08751522B15C90005DA8A0 /* NewsAppTests.xctest */ = {isa = PBXFileReference; explicitFileType = wrapper.cfbundle; includeInIndex = 0; path = NewsAppTests.xctest; sourceTree = BUILT_PRODUCTS_DIR; };
		4B08751922B15C90005DA8A0 /* NewsAppTests.swift */ = {isa = PBXFileReference; lastKnownFileType = sourcecode.swift; path = NewsAppTests.swift; sourceTree = "<group>"; };
		4B08751B22B15C90005DA8A0 /* Info.plist */ = {isa = PBXFileReference; lastKnownFileType = text.plist.xml; path = Info.plist; sourceTree = "<group>"; };
		4B08752022B15C90005DA8A0 /* NewsAppUITests.xctest */ = {isa = PBXFileReference; explicitFileType = wrapper.cfbundle; includeInIndex = 0; path = NewsAppUITests.xctest; sourceTree = BUILT_PRODUCTS_DIR; };
		4B08752422B15C90005DA8A0 /* NewsAppUITests.swift */ = {isa = PBXFileReference; lastKnownFileType = sourcecode.swift; path = NewsAppUITests.swift; sourceTree = "<group>"; };
		4B08752622B15C90005DA8A0 /* Info.plist */ = {isa = PBXFileReference; lastKnownFileType = text.plist.xml; path = Info.plist; sourceTree = "<group>"; };
/* End PBXFileReference section */

/* Begin PBXFrameworksBuildPhase section */
		4B0874FC22B15C8D005DA8A0 /* Frameworks */ = {
			isa = PBXFrameworksBuildPhase;
			buildActionMask = 2147483647;
			files = (
			);
			runOnlyForDeploymentPostprocessing = 0;
		};
		4B08751222B15C90005DA8A0 /* Frameworks */ = {
			isa = PBXFrameworksBuildPhase;
			buildActionMask = 2147483647;
			files = (
			);
			runOnlyForDeploymentPostprocessing = 0;
		};
		4B08751D22B15C90005DA8A0 /* Frameworks */ = {
			isa = PBXFrameworksBuildPhase;
			buildActionMask = 2147483647;
			files = (
			);
			runOnlyForDeploymentPostprocessing = 0;
		};
/* End PBXFrameworksBuildPhase section */

/* Begin PBXGroup section */
		4B0874F622B15C8D005DA8A0 = {
			isa = PBXGroup;
			children = (
				4B08750122B15C8D005DA8A0 /* NewsApp */,
				4B08751822B15C90005DA8A0 /* NewsAppTests */,
				4B08752322B15C90005DA8A0 /* NewsAppUITests */,
				4B08750022B15C8D005DA8A0 /* Products */,
			);
			sourceTree = "<group>";
		};
		4B08750022B15C8D005DA8A0 /* Products */ = {
			isa = PBXGroup;
			children = (
				4B0874FF22B15C8D005DA8A0 /* NewsApp.app */,
				4B08751522B15C90005DA8A0 /* NewsAppTests.xctest */,
				4B08752022B15C90005DA8A0 /* NewsAppUITests.xctest */,
			);
			name = Products;
			sourceTree = "<group>";
		};
		4B08750122B15C8D005DA8A0 /* NewsApp */ = {
			isa = PBXGroup;
			children = (
				4B08750222B15C8D005DA8A0 /* AppDelegate.swift */,
				4B08750422B15C8D005DA8A0 /* FirstViewController.swift */,
				4B08750622B15C8D005DA8A0 /* SecondViewController.swift */,
				4B08750822B15C8D005DA8A0 /* Main.storyboard */,
				4B08750B22B15C90005DA8A0 /* Assets.xcassets */,
				4B08750D22B15C90005DA8A0 /* LaunchScreen.storyboard */,
				4B08751022B15C90005DA8A0 /* Info.plist */,
			);
			path = NewsApp;
			sourceTree = "<group>";
		};
		4B08751822B15C90005DA8A0 /* NewsAppTests */ = {
			isa = PBXGroup;
			children = (
				4B08751922B15C90005DA8A0 /* NewsAppTests.swift */,
				4B08751B22B15C90005DA8A0 /* Info.plist */,
			);
			path = NewsAppTests;
			sourceTree = "<group>";
		};
		4B08752322B15C90005DA8A0 /* NewsAppUITests */ = {
			isa = PBXGroup;
			children = (
				4B08752422B15C90005DA8A0 /* NewsAppUITests.swift */,
				4B08752622B15C90005DA8A0 /* Info.plist */,
			);
			path = NewsAppUITests;
			sourceTree = "<group>";
		};
/* End PBXGroup section */

/* Begin PBXNativeTarget section */
		4B0874FE22B15C8D005DA8A0 /* NewsApp */ = {
			isa = PBXNativeTarget;
			buildConfigurationList = 4B08752922B15C90005DA8A0 /* Build configuration list for PBXNativeTarget "NewsApp" */;
			buildPhases = (
				4B0874FB22B15C8D005DA8A0 /* Sources */,
				4B0874FC22B15C8D005DA8A0 /* Frameworks */,
				4B0874FD22B15C8D005DA8A0 /* Resources */,
			);
			buildRules = (
			);
			dependencies = (
			);
			name = NewsApp;
			productName = NewsApp;
			productReference = 4B0874FF22B15C8D005DA8A0 /* NewsApp.app */;
			productType = "com.apple.product-type.application";
		};
		4B08751422B15C90005DA8A0 /* NewsAppTests */ = {
			isa = PBXNativeTarget;
			buildConfigurationList = 4B08752C22B15C90005DA8A0 /* Build configuration list for PBXNativeTarget "NewsAppTests" */;
			buildPhases = (
				4B08751122B15C90005DA8A0 /* Sources */,
				4B08751222B15C90005DA8A0 /* Frameworks */,
				4B08751322B15C90005DA8A0 /* Resources */,
			);
			buildRules = (
			);
			dependencies = (
				4B08751722B15C90005DA8A0 /* PBXTargetDependency */,
			);
			name = NewsAppTests;
			productName = NewsAppTests;
			productReference = 4B08751522B15C90005DA8A0 /* NewsAppTests.xctest */;
			productType = "com.apple.product-type.bundle.unit-test";
		};
		4B08751F22B15C90005DA8A0 /* NewsAppUITests */ = {
			isa = PBXNativeTarget;
			buildConfigurationList = 4B08752F22B15C90005DA8A0 /* Build configuration list for PBXNativeTarget "NewsAppUITests" */;
			buildPhases = (
				4B08751C22B15C90005DA8A0 /* Sources */,
				4B08751D22B15C90005DA8A0 /* Frameworks */,
				4B08751E22B15C90005DA8A0 /* Resources */,
			);
			buildRules = (
			);
			dependencies = (
				4B08752222B15C90005DA8A0 /* PBXTargetDependency */,
			);
			name = NewsAppUITests;
			productName = NewsAppUITests;
			productReference = 4B08752022B15C90005DA8A0 /* NewsAppUITests.xctest */;
			productType = "com.apple.product-type.bundle.ui-testing";
		};
/* End PBXNativeTarget section */

/* Begin PBXProject section */
		4B0874F722B15C8D005DA8A0 /* Project object */ = {
			isa = PBXProject;
			attributes = {
				LastSwiftUpdateCheck = 1020;
				LastUpgradeCheck = 1020;
				ORGANIZATIONNAME = "Francis Ngunjiri";
				TargetAttributes = {
					4B0874FE22B15C8D005DA8A0 = {
						CreatedOnToolsVersion = 10.2.1;
					};
					4B08751422B15C90005DA8A0 = {
						CreatedOnToolsVersion = 10.2.1;
						TestTargetID = 4B0874FE22B15C8D005DA8A0;
					};
					4B08751F22B15C90005DA8A0 = {
						CreatedOnToolsVersion = 10.2.1;
						TestTargetID = 4B0874FE22B15C8D005DA8A0;
					};
				};
			};
			buildConfigurationList = 4B0874FA22B15C8D005DA8A0 /* Build configuration list for PBXProject "NewsApp" */;
			compatibilityVersion = "Xcode 9.3";
			developmentRegion = en;
			hasScannedForEncodings = 0;
			knownRegions = (
				en,
				Base,
			);
			mainGroup = 4B0874F622B15C8D005DA8A0;
			productRefGroup = 4B08750022B15C8D005DA8A0 /* Products */;
			projectDirPath = "";
			projectRoot = "";
			targets = (
				4B0874FE22B15C8D005DA8A0 /* NewsApp */,
				4B08751422B15C90005DA8A0 /* NewsAppTests */,
				4B08751F22B15C90005DA8A0 /* NewsAppUITests */,
			);
		};
/* End PBXProject section */

/* Begin PBXResourcesBuildPhase section */
		4B0874FD22B15C8D005DA8A0 /* Resources */ = {
			isa = PBXResourcesBuildPhase;
			buildActionMask = 2147483647;
			files = (
				4B08750F22B15C90005DA8A0 /* LaunchScreen.storyboard in Resources */,
				4B08750C22B15C90005DA8A0 /* Assets.xcassets in Resources */,
				4B08750A22B15C8D005DA8A0 /* Main.storyboard in Resources */,
			);
			runOnlyForDeploymentPostprocessing = 0;
		};
		4B08751322B15C90005DA8A0 /* Resources */ = {
			isa = PBXResourcesBuildPhase;
			buildActionMask = 2147483647;
			files = (
			);
			runOnlyForDeploymentPostprocessing = 0;
		};
		4B08751E22B15C90005DA8A0 /* Resources */ = {
			isa = PBXResourcesBuildPhase;
			buildActionMask = 2147483647;
			files = (
			);
			runOnlyForDeploymentPostprocessing = 0;
		};
/* End PBXResourcesBuildPhase section */

/* Begin PBXSourcesBuildPhase section */
		4B0874FB22B15C8D005DA8A0 /* Sources */ = {
			isa = PBXSourcesBuildPhase;
			buildActionMask = 2147483647;
			files = (
				4B08750722B15C8D005DA8A0 /* SecondViewController.swift in Sources */,
				4B08750322B15C8D005DA8A0 /* AppDelegate.swift in Sources */,
				4B08750522B15C8D005DA8A0 /* FirstViewController.swift in Sources */,
			);
			runOnlyForDeploymentPostprocessing = 0;
		};
		4B08751122B15C90005DA8A0 /* Sources */ = {
			isa = PBXSourcesBuildPhase;
			buildActionMask = 2147483647;
			files = (
				4B08751A22B15C90005DA8A0 /* NewsAppTests.swift in Sources */,
			);
			runOnlyForDeploymentPostprocessing = 0;
		};
		4B08751C22B15C90005DA8A0 /* Sources */ = {
			isa = PBXSourcesBuildPhase;
			buildActionMask = 2147483647;
			files = (
				4B08752522B15C90005DA8A0 /* NewsAppUITests.swift in Sources */,
			);
			runOnlyForDeploymentPostprocessing = 0;
		};
/* End PBXSourcesBuildPhase section */

/* Begin PBXTargetDependency section */
		4B08751722B15C90005DA8A0 /* PBXTargetDependency */ = {
			isa = PBXTargetDependency;
			target = 4B0874FE22B15C8D005DA8A0 /* NewsApp */;
			targetProxy = 4B08751622B15C90005DA8A0 /* PBXContainerItemProxy */;
		};
		4B08752222B15C90005DA8A0 /* PBXTargetDependency */ = {
			isa = PBXTargetDependency;
			target = 4B0874FE22B15C8D005DA8A0 /* NewsApp */;
			targetProxy = 4B08752122B15C90005DA8A0 /* PBXContainerItemProxy */;
		};
/* End PBXTargetDependency section */

/* Begin PBXVariantGroup section */
		4B08750822B15C8D005DA8A0 /* Main.storyboard */ = {
			isa = PBXVariantGroup;
			children = (
				4B08750922B15C8D005DA8A0 /* Base */,
			);
			name = Main.storyboard;
			sourceTree = "<group>";
		};
		4B08750D22B15C90005DA8A0 /* LaunchScreen.storyboard */ = {
			isa = PBXVariantGroup;
			children = (
				4B08750E22B15C90005DA8A0 /* Base */,
			);
			name = LaunchScreen.storyboard;
			sourceTree = "<group>";
		};
/* End PBXVariantGroup section */

/* Begin XCBuildConfiguration section */
		4B08752722B15C90005DA8A0 /* Debug */ = {
			isa = XCBuildConfiguration;
			buildSettings = {
				ALWAYS_SEARCH_USER_PATHS = NO;
				CLANG_ANALYZER_NONNULL = YES;
				CLANG_ANALYZER_NUMBER_OBJECT_CONVERSION = YES_AGGRESSIVE;
				CLANG_CXX_LANGUAGE_STANDARD = "gnu++14";
				CLANG_CXX_LIBRARY = "libc++";
				CLANG_ENABLE_MODULES = YES;
				CLANG_ENABLE_OBJC_ARC = YES;
				CLANG_ENABLE_OBJC_WEAK = YES;
				CLANG_WARN_BLOCK_CAPTURE_AUTORELEASING = YES;
				CLANG_WARN_BOOL_CONVERSION = YES;
				CLANG_WARN_COMMA = YES;
				CLANG_WARN_CONSTANT_CONVERSION = YES;
				CLANG_WARN_DEPRECATED_OBJC_IMPLEMENTATIONS = YES;
				CLANG_WARN_DIRECT_OBJC_ISA_USAGE = YES_ERROR;
				CLANG_WARN_DOCUMENTATION_COMMENTS = YES;
				CLANG_WARN_EMPTY_BODY = YES;
				CLANG_WARN_ENUM_CONVERSION = YES;
				CLANG_WARN_INFINITE_RECURSION = YES;
				CLANG_WARN_INT_CONVERSION = YES;
				CLANG_WARN_NON_LITERAL_NULL_CONVERSION = YES;
				CLANG_WARN_OBJC_IMPLICIT_RETAIN_SELF = YES;
				CLANG_WARN_OBJC_LITERAL_CONVERSION = YES;
				CLANG_WARN_OBJC_ROOT_CLASS = YES_ERROR;
				CLANG_WARN_RANGE_LOOP_ANALYSIS = YES;
				CLANG_WARN_STRICT_PROTOTYPES = YES;
				CLANG_WARN_SUSPICIOUS_MOVE = YES;
				CLANG_WARN_UNGUARDED_AVAILABILITY = YES_AGGRESSIVE;
				CLANG_WARN_UNREACHABLE_CODE = YES;
				CLANG_WARN__DUPLICATE_METHOD_MATCH = YES;
				CODE_SIGN_IDENTITY = "iPhone Developer";
				COPY_PHASE_STRIP = NO;
				DEBUG_INFORMATION_FORMAT = dwarf;
				ENABLE_STRICT_OBJC_MSGSEND = YES;
				ENABLE_TESTABILITY = YES;
				GCC_C_LANGUAGE_STANDARD = gnu11;
				GCC_DYNAMIC_NO_PIC = NO;
				GCC_NO_COMMON_BLOCKS = YES;
				GCC_OPTIMIZATION_LEVEL = 0;
				GCC_PREPROCESSOR_DEFINITIONS = (
					"DEBUG=1",
					"$(inherited)",
				);
				GCC_WARN_64_TO_32_BIT_CONVERSION = YES;
				GCC_WARN_ABOUT_RETURN_TYPE = YES_ERROR;
				GCC_WARN_UNDECLARED_SELECTOR = YES;
				GCC_WARN_UNINITIALIZED_AUTOS = YES_AGGRESSIVE;
				GCC_WARN_UNUSED_FUNCTION = YES;
				GCC_WARN_UNUSED_VARIABLE = YES;
				IPHONEOS_DEPLOYMENT_TARGET = 12.2;
				MTL_ENABLE_DEBUG_INFO = INCLUDE_SOURCE;
				MTL_FAST_MATH = YES;
				ONLY_ACTIVE_ARCH = YES;
				SDKROOT = iphoneos;
				SWIFT_ACTIVE_COMPILATION_CONDITIONS = DEBUG;
				SWIFT_OPTIMIZATION_LEVEL = "-Onone";
			};
			name = Debug;
		};
		4B08752822B15C90005DA8A0 /* Release */ = {
			isa = XCBuildConfiguration;
			buildSettings = {
				ALWAYS_SEARCH_USER_PATHS = NO;
				CLANG_ANALYZER_NONNULL = YES;
				CLANG_ANALYZER_NUMBER_OBJECT_CONVERSION = YES_AGGRESSIVE;
				CLANG_CXX_LANGUAGE_STANDARD = "gnu++14";
				CLANG_CXX_LIBRARY = "libc++";
				CLANG_ENABLE_MODULES = YES;
				CLANG_ENABLE_OBJC_ARC = YES;
				CLANG_ENABLE_OBJC_WEAK = YES;
				CLANG_WARN_BLOCK_CAPTURE_AUTORELEASING = YES;
				CLANG_WARN_BOOL_CONVERSION = YES;
				CLANG_WARN_COMMA = YES;
				CLANG_WARN_CONSTANT_CONVERSION = YES;
				CLANG_WARN_DEPRECATED_OBJC_IMPLEMENTATIONS = YES;
				CLANG_WARN_DIRECT_OBJC_ISA_USAGE = YES_ERROR;
				CLANG_WARN_DOCUMENTATION_COMMENTS = YES;
				CLANG_WARN_EMPTY_BODY = YES;
				CLANG_WARN_ENUM_CONVERSION = YES;
				CLANG_WARN_INFINITE_RECURSION = YES;
				CLANG_WARN_INT_CONVERSION = YES;
				CLANG_WARN_NON_LITERAL_NULL_CONVERSION = YES;
				CLANG_WARN_OBJC_IMPLICIT_RETAIN_SELF = YES;
				CLANG_WARN_OBJC_LITERAL_CONVERSION = YES;
				CLANG_WARN_OBJC_ROOT_CLASS = YES_ERROR;
				CLANG_WARN_RANGE_LOOP_ANALYSIS = YES;
				CLANG_WARN_STRICT_PROTOTYPES = YES;
				CLANG_WARN_SUSPICIOUS_MOVE = YES;
				CLANG_WARN_UNGUARDED_AVAILABILITY = YES_AGGRESSIVE;
				CLANG_WARN_UNREACHABLE_CODE = YES;
				CLANG_WARN__DUPLICATE_METHOD_MATCH = YES;
				CODE_SIGN_IDENTITY = "iPhone Developer";
				COPY_PHASE_STRIP = NO;
				DEBUG_INFORMATION_FORMAT = "dwarf-with-dsym";
				ENABLE_NS_ASSERTIONS = NO;
				ENABLE_STRICT_OBJC_MSGSEND = YES;
				GCC_C_LANGUAGE_STANDARD = gnu11;
				GCC_NO_COMMON_BLOCKS = YES;
				GCC_WARN_64_TO_32_BIT_CONVERSION = YES;
				GCC_WARN_ABOUT_RETURN_TYPE = YES_ERROR;
				GCC_WARN_UNDECLARED_SELECTOR = YES;
				GCC_WARN_UNINITIALIZED_AUTOS = YES_AGGRESSIVE;
				GCC_WARN_UNUSED_FUNCTION = YES;
				GCC_WARN_UNUSED_VARIABLE = YES;
				IPHONEOS_DEPLOYMENT_TARGET = 12.2;
				MTL_ENABLE_DEBUG_INFO = NO;
				MTL_FAST_MATH = YES;
				SDKROOT = iphoneos;
				SWIFT_COMPILATION_MODE = wholemodule;
				SWIFT_OPTIMIZATION_LEVEL = "-O";
				VALIDATE_PRODUCT = YES;
			};
			name = Release;
		};
		4B08752A22B15C90005DA8A0 /* Debug */ = {
			isa = XCBuildConfiguration;
			buildSettings = {
				ASSETCATALOG_COMPILER_APPICON_NAME = AppIcon;
				CODE_SIGN_STYLE = Automatic;
				INFOPLIST_FILE = NewsApp/Info.plist;
				LD_RUNPATH_SEARCH_PATHS = (
					"$(inherited)",
					"@executable_path/Frameworks",
				);
				PRODUCT_BUNDLE_IDENTIFIER = mytrots.com.NewsApp;
				PRODUCT_NAME = "$(TARGET_NAME)";
				SWIFT_VERSION = 5.0;
				TARGETED_DEVICE_FAMILY = "1,2";
			};
			name = Debug;
		};
		4B08752B22B15C90005DA8A0 /* Release */ = {
			isa = XCBuildConfiguration;
			buildSettings = {
				ASSETCATALOG_COMPILER_APPICON_NAME = AppIcon;
				CODE_SIGN_STYLE = Automatic;
				INFOPLIST_FILE = NewsApp/Info.plist;
				LD_RUNPATH_SEARCH_PATHS = (
					"$(inherited)",
					"@executable_path/Frameworks",
				);
				PRODUCT_BUNDLE_IDENTIFIER = mytrots.com.NewsApp;
				PRODUCT_NAME = "$(TARGET_NAME)";
				SWIFT_VERSION = 5.0;
				TARGETED_DEVICE_FAMILY = "1,2";
			};
			name = Release;
		};
		4B08752D22B15C90005DA8A0 /* Debug */ = {
			isa = XCBuildConfiguration;
			buildSettings = {
				ALWAYS_EMBED_SWIFT_STANDARD_LIBRARIES = YES;
				BUNDLE_LOADER = "$(TEST_HOST)";
				CODE_SIGN_STYLE = Automatic;
				INFOPLIST_FILE = NewsAppTests/Info.plist;
				LD_RUNPATH_SEARCH_PATHS = (
					"$(inherited)",
					"@executable_path/Frameworks",
					"@loader_path/Frameworks",
				);
				PRODUCT_BUNDLE_IDENTIFIER = mytrots.com.NewsAppTests;
				PRODUCT_NAME = "$(TARGET_NAME)";
				SWIFT_VERSION = 5.0;
				TARGETED_DEVICE_FAMILY = "1,2";
				TEST_HOST = "$(BUILT_PRODUCTS_DIR)/NewsApp.app/NewsApp";
			};
			name = Debug;
		};
		4B08752E22B15C90005DA8A0 /* Release */ = {
			isa = XCBuildConfiguration;
			buildSettings = {
				ALWAYS_EMBED_SWIFT_STANDARD_LIBRARIES = YES;
				BUNDLE_LOADER = "$(TEST_HOST)";
				CODE_SIGN_STYLE = Automatic;
				INFOPLIST_FILE = NewsAppTests/Info.plist;
				LD_RUNPATH_SEARCH_PATHS = (
					"$(inherited)",
					"@executable_path/Frameworks",
					"@loader_path/Frameworks",
				);
				PRODUCT_BUNDLE_IDENTIFIER = mytrots.com.NewsAppTests;
				PRODUCT_NAME = "$(TARGET_NAME)";
				SWIFT_VERSION = 5.0;
				TARGETED_DEVICE_FAMILY = "1,2";
				TEST_HOST = "$(BUILT_PRODUCTS_DIR)/NewsApp.app/NewsApp";
			};
			name = Release;
		};
		4B08753022B15C90005DA8A0 /* Debug */ = {
			isa = XCBuildConfiguration;
			buildSettings = {
				ALWAYS_EMBED_SWIFT_STANDARD_LIBRARIES = YES;
				CODE_SIGN_STYLE = Automatic;
				INFOPLIST_FILE = NewsAppUITests/Info.plist;
				LD_RUNPATH_SEARCH_PATHS = (
					"$(inherited)",
					"@executable_path/Frameworks",
					"@loader_path/Frameworks",
				);
				PRODUCT_BUNDLE_IDENTIFIER = mytrots.com.NewsAppUITests;
				PRODUCT_NAME = "$(TARGET_NAME)";
				SWIFT_VERSION = 5.0;
				TARGETED_DEVICE_FAMILY = "1,2";
				TEST_TARGET_NAME = NewsApp;
			};
			name = Debug;
		};
		4B08753122B15C90005DA8A0 /* Release */ = {
			isa = XCBuildConfiguration;
			buildSettings = {
				ALWAYS_EMBED_SWIFT_STANDARD_LIBRARIES = YES;
				CODE_SIGN_STYLE = Automatic;
				INFOPLIST_FILE = NewsAppUITests/Info.plist;
				LD_RUNPATH_SEARCH_PATHS = (
					"$(inherited)",
					"@executable_path/Frameworks",
					"@loader_path/Frameworks",
				);
				PRODUCT_BUNDLE_IDENTIFIER = mytrots.com.NewsAppUITests;
				PRODUCT_NAME = "$(TARGET_NAME)";
				SWIFT_VERSION = 5.0;
				TARGETED_DEVICE_FAMILY = "1,2";
				TEST_TARGET_NAME = NewsApp;
			};
			name = Release;
		};
/* End XCBuildConfiguration section */

/* Begin XCConfigurationList section */
		4B0874FA22B15C8D005DA8A0 /* Build configuration list for PBXProject "NewsApp" */ = {
			isa = XCConfigurationList;
			buildConfigurations = (
				4B08752722B15C90005DA8A0 /* Debug */,
				4B08752822B15C90005DA8A0 /* Release */,
			);
			defaultConfigurationIsVisible = 0;
			defaultConfigurationName = Release;
		};
		4B08752922B15C90005DA8A0 /* Build configuration list for PBXNativeTarget "NewsApp" */ = {
			isa = XCConfigurationList;
			buildConfigurations = (
				4B08752A22B15C90005DA8A0 /* Debug */,
				4B08752B22B15C90005DA8A0 /* Release */,
			);
			defaultConfigurationIsVisible = 0;
			defaultConfigurationName = Release;
		};
		4B08752C22B15C90005DA8A0 /* Build configuration list for PBXNativeTarget "NewsAppTests" */ = {
			isa = XCConfigurationList;
			buildConfigurations = (
				4B08752D22B15C90005DA8A0 /* Debug */,
				4B08752E22B15C90005DA8A0 /* Release */,
			);
			defaultConfigurationIsVisible = 0;
			defaultConfigurationName = Release;
		};
		4B08752F22B15C90005DA8A0 /* Build configuration list for PBXNativeTarget "NewsAppUITests" */ = {
			isa = XCConfigurationList;
			buildConfigurations = (
				4B08753022B15C90005DA8A0 /* Debug */,
				4B08753122B15C90005DA8A0 /* Release */,
			);
			defaultConfigurationIsVisible = 0;
			defaultConfigurationName = Release;
		};
/* End XCConfigurationList section */
	};
	rootObject = 4B0874F722B15C8D005DA8A0 /* Project object */;
}
